
Microsoft Visual Studio Solution File, Format Version 12.00
# Visual Studio Version 17
VisualStudioVersion = 17.0.32014.148
MinimumVisualStudioVersion = 10.0.40219.1
Project("{FAE04EC0-301F-11D3-BF4B-00C04F79EFBC}") = "proyectopdf", "proyectopdf.csproj", "{916889EC-1D7A-4CBC-8956-F64D6B10548E}"
EndProject
Global
	GlobalSection(SolutionConfigurationPlatforms) = preSolution
		Debug|Any CPU = Debug|Any CPU
		Release|Any CPU = Release|Any CPU
	EndGlobalSection
	GlobalSection(ProjectConfigurationPlatforms) = postSolution
		{916889EC-1D7A-4CBC-8956-F64D6B10548E}.Debug|Any CPU.ActiveCfg = Debug|Any CPU
		{916889EC-1D7A-4CBC-8956-F64D6B10548E}.Debug|Any CPU.Build.0 = Debug|Any CPU
		{916889EC-1D7A-4CBC-8956-F64D6B10548E}.Release|Any CPU.ActiveCfg = Release|Any CPU
		{916889EC-1D7A-4CBC-8956-F64D6B10548E}.Release|Any CPU.Build.0 = Release|Any CPU
	EndGlobalSection
	GlobalSection(SolutionProperties) = preSolution
		HideSolutionNode = FALSE
	EndGlobalSection
	GlobalSection(ExtensibilityGlobals) = postSolution
		SolutionGuid = {A4316671-27F7-44BB-B2BF-516ABA337268}
	EndGlobalSection
EndGlobal
